<?xml version="1.0" encoding="UTF-8" standalone="yes" ?>
<CodeBlocks_project_file>
	<FileVersion major="1" minor="6" />
	<Project>
		<Option title="Agent" />
		<Option pch_mode="2" />
		<Option compiler="gcc" />
		<Build>
			<Target title="default">
				<Option output="Agent" prefix_auto="1" extension_auto="1" />
				<Option type="1" />
				<Option compiler="gcc" />
				<Option parameters="./map/mapa10b.map" />
			</Target>
		</Build>
		<Linker>
			<Add library="lib\libglu32.a" />
			<Add library="lib\libglui.a" />
			<Add library="lib\libglut32.a" />
			<Add library="lib\libopengl32.a" />
			<Add library="lib\libopenglut.a" />
		</Linker>
		<Unit filename="Plan.cpp" />
		<Unit filename="Plan.h" />
		<Unit filename="agent.cpp" />
		<Unit filename="agent.h" />
		<Unit filename="environment2.cpp" />
		<Unit filename="environment2.h" />
		<Unit filename="prueba.cpp" />
		<Unit filename="state.cpp" />
		<Unit filename="state.h" />
		<Extensions>
			<code_completion />
			<debugger />
		</Extensions>
	</Project>
</CodeBlocks_project_file>
